
Microsoft Visual Studio Solution File, Format Version 12.00
# Visual Studio 15
VisualStudioVersion = 15.0.27703.2000
MinimumVisualStudioVersion = 10.0.40219.1
Project("{9A19103F-16F7-4668-BE54-9A1E7A4F7556}") = "NetLua", "src\NetLua\NetLua.csproj", "{A8B5EB20-16E5-42AB-BDAB-33747A2590EA}"
EndProject
Project("{9A19103F-16F7-4668-BE54-9A1E7A4F7556}") = "NetLua.Tests", "tests\NetLua.Tests\NetLua.Tests.csproj", "{5C9ED42F-C427-48EB-8E34-916E8F3E702E}"
EndProject
Global
	GlobalSection(SolutionConfigurationPlatforms) = preSolution
		Debug|Any CPU = Debug|Any CPU
		Debug|Mixed Platforms = Debug|Mixed Platforms
		Debug|x86 = Debug|x86
		Release|Any CPU = Release|Any CPU
		Release|Mixed Platforms = Release|Mixed Platforms
		Release|x86 = Release|x86
	EndGlobalSection
	GlobalSection(ProjectConfigurationPlatforms) = postSolution
		{A8B5EB20-16E5-42AB-BDAB-33747A2590EA}.Debug|Any CPU.ActiveCfg = Debug|Any CPU
		{A8B5EB20-16E5-42AB-BDAB-33747A2590EA}.Debug|Any CPU.Build.0 = Debug|Any CPU
		{A8B5EB20-16E5-42AB-BDAB-33747A2590EA}.Debug|Mixed Platforms.ActiveCfg = Debug|Any CPU
		{A8B5EB20-16E5-42AB-BDAB-33747A2590EA}.Debug|Mixed Platforms.Build.0 = Debug|Any CPU
		{A8B5EB20-16E5-42AB-BDAB-33747A2590EA}.Debug|x86.ActiveCfg = Debug|Any CPU
		{A8B5EB20-16E5-42AB-BDAB-33747A2590EA}.Debug|x86.Build.0 = Debug|Any CPU
		{A8B5EB20-16E5-42AB-BDAB-33747A2590EA}.Release|Any CPU.ActiveCfg = Release|Any CPU
		{A8B5EB20-16E5-42AB-BDAB-33747A2590EA}.Release|Any CPU.Build.0 = Release|Any CPU
		{A8B5EB20-16E5-42AB-BDAB-33747A2590EA}.Release|Mixed Platforms.ActiveCfg = Release|Any CPU
		{A8B5EB20-16E5-42AB-BDAB-33747A2590EA}.Release|Mixed Platforms.Build.0 = Release|Any CPU
		{A8B5EB20-16E5-42AB-BDAB-33747A2590EA}.Release|x86.ActiveCfg = Release|Any CPU
		{A8B5EB20-16E5-42AB-BDAB-33747A2590EA}.Release|x86.Build.0 = Release|Any CPU
		{5C9ED42F-C427-48EB-8E34-916E8F3E702E}.Debug|Any CPU.ActiveCfg = Debug|Any CPU
		{5C9ED42F-C427-48EB-8E34-916E8F3E702E}.Debug|Any CPU.Build.0 = Debug|Any CPU
		{5C9ED42F-C427-48EB-8E34-916E8F3E702E}.Debug|Mixed Platforms.ActiveCfg = Debug|Any CPU
		{5C9ED42F-C427-48EB-8E34-916E8F3E702E}.Debug|Mixed Platforms.Build.0 = Debug|Any CPU
		{5C9ED42F-C427-48EB-8E34-916E8F3E702E}.Debug|x86.ActiveCfg = Debug|Any CPU
		{5C9ED42F-C427-48EB-8E34-916E8F3E702E}.Debug|x86.Build.0 = Debug|Any CPU
		{5C9ED42F-C427-48EB-8E34-916E8F3E702E}.Release|Any CPU.ActiveCfg = Release|Any CPU
		{5C9ED42F-C427-48EB-8E34-916E8F3E702E}.Release|Any CPU.Build.0 = Release|Any CPU
		{5C9ED42F-C427-48EB-8E34-916E8F3E702E}.Release|Mixed Platforms.ActiveCfg = Release|Any CPU
		{5C9ED42F-C427-48EB-8E34-916E8F3E702E}.Release|Mixed Platforms.Build.0 = Release|Any CPU
		{5C9ED42F-C427-48EB-8E34-916E8F3E702E}.Release|x86.ActiveCfg = Release|Any CPU
		{5C9ED42F-C427-48EB-8E34-916E8F3E702E}.Release|x86.Build.0 = Release|Any CPU
	EndGlobalSection
	GlobalSection(SolutionProperties) = preSolution
		HideSolutionNode = FALSE
	EndGlobalSection
	GlobalSection(ExtensibilityGlobals) = postSolution
		SolutionGuid = {EBDB962B-BECD-486F-8748-11B25FF0AF1F}
	EndGlobalSection
EndGlobal
